// !$*UTF8*$!
{
	archiveVersion = 1;
	classes = {
	};
	objectVersion = 77;
	objects = {

/* Begin PBXContainerItemProxy section */
		2EDE3B772F01738600E6A243 /* PBXContainerItemProxy */ = {
			isa = PBXContainerItemProxy;
			containerPortal = 2EDE3B612F01738400E6A243 /* Project object */;
			proxyType = 1;
			remoteGlobalIDString = 2EDE3B682F01738400E6A243;
			remoteInfo = PiterGsmAppIOS;
		};
		2EDE3B812F01738600E6A243 /* PBXContainerItemProxy */ = {
			isa = PBXContainerItemProxy;
			containerPortal = 2EDE3B612F01738400E6A243 /* Project object */;
			proxyType = 1;
			remoteGlobalIDString = 2EDE3B682F01738400E6A243;
			remoteInfo = PiterGsmAppIOS;
		};
/* End PBXContainerItemProxy section */

/* Begin PBXFileReference section */
		2EDE3B692F01738400E6A243 /* PiterGsmAppIOS.app */ = {isa = PBXFileReference; explicitFileType = wrapper.application; includeInIndex = 0; path = PiterGsmAppIOS.app; sourceTree = BUILT_PRODUCTS_DIR; };
		2EDE3B762F01738600E6A243 /* PiterGsmAppIOSTests.xctest */ = {isa = PBXFileReference; explicitFileType = wrapper.cfbundle; includeInIndex = 0; path = PiterGsmAppIOSTests.xctest; sourceTree = BUILT_PRODUCTS_DIR; };
		2EDE3B802F01738600E6A243 /* PiterGsmAppIOSUITests.xctest */ = {isa = PBXFileReference; explicitFileType = wrapper.cfbundle; includeInIndex = 0; path = PiterGsmAppIOSUITests.xctest; sourceTree = BUILT_PRODUCTS_DIR; };
/* End PBXFileReference section */

/* Begin PBXFileSystemSynchronizedRootGroup section */
		2EDE3B6B2F01738400E6A243 /* PiterGsmAppIOS */ = {
			isa = PBXFileSystemSynchronizedRootGroup;
			path = PiterGsmAppIOS;
			sourceTree = "<group>";
		};
		2EDE3B792F01738600E6A243 /* PiterGsmAppIOSTests */ = {
			isa = PBXFileSystemSynchronizedRootGroup;
			path = PiterGsmAppIOSTests;
			sourceTree = "<group>";
		};
		2EDE3B832F01738600E6A243 /* PiterGsmAppIOSUITests */ = {
			isa = PBXFileSystemSynchronizedRootGroup;
			path = PiterGsmAppIOSUITests;
			sourceTree = "<group>";
		};
/* End PBXFileSystemSynchronizedRootGroup section */

/* Begin PBXFrameworksBuildPhase section */
		2EDE3B662F01738400E6A243 /* Frameworks */ = {
			isa = PBXFrameworksBuildPhase;
			buildActionMask = 2147483647;
			files = (
			);
			runOnlyForDeploymentPostprocessing = 0;
		};
		2EDE3B732F01738600E6A243 /* Frameworks */ = {
			isa = PBXFrameworksBuildPhase;
			buildActionMask = 2147483647;
			files = (
			);
			runOnlyForDeploymentPostprocessing = 0;
		};
		2EDE3B7D2F01738600E6A243 /* Frameworks */ = {
			isa = PBXFrameworksBuildPhase;
			buildActionMask = 2147483647;
			files = (
			);
			runOnlyForDeploymentPostprocessing = 0;
		};
/* End PBXFrameworksBuildPhase section */

/* Begin PBXGroup section */
		2EDE3B602F01738400E6A243 = {
			isa = PBXGroup;
			children = (
				2EDE3B6B2F01738400E6A243 /* PiterGsmAppIOS */,
				2EDE3B792F01738600E6A243 /* PiterGsmAppIOSTests */,
				2EDE3B832F01738600E6A243 /* PiterGsmAppIOSUITests */,
				2EDE3B6A2F01738400E6A243 /* Products */,
			);
			sourceTree = "<group>";
		};
		2EDE3B6A2F01738400E6A243 /* Products */ = {
			isa = PBXGroup;
			children = (
				2EDE3B692F01738400E6A243 /* PiterGsmAppIOS.app */,
				2EDE3B762F01738600E6A243 /* PiterGsmAppIOSTests.xctest */,
				2EDE3B802F01738600E6A243 /* PiterGsmAppIOSUITests.xctest */,
			);
			name = Products;
			sourceTree = "<group>";
		};
/* End PBXGroup section */

/* Begin PBXNativeTarget section */
		2EDE3B682F01738400E6A243 /* PiterGsmAppIOS */ = {
			isa = PBXNativeTarget;
			buildConfigurationList = 2EDE3B8A2F01738600E6A243 /* Build configuration list for PBXNativeTarget "PiterGsmAppIOS" */;
			buildPhases = (
				2EDE3B652F01738400E6A243 /* Sources */,
				2EDE3B662F01738400E6A243 /* Frameworks */,
				2EDE3B672F01738400E6A243 /* Resources */,
			);
			buildRules = (
			);
			dependencies = (
			);
			fileSystemSynchronizedGroups = (
				2EDE3B6B2F01738400E6A243 /* PiterGsmAppIOS */,
			);
			name = PiterGsmAppIOS;
			packageProductDependencies = (
			);
			productName = PiterGsmAppIOS;
			productReference = 2EDE3B692F01738400E6A243 /* PiterGsmAppIOS.app */;
			productType = "com.apple.product-type.application";
		};
		2EDE3B752F01738600E6A243 /* PiterGsmAppIOSTests */ = {
			isa = PBXNativeTarget;
			buildConfigurationList = 2EDE3B8D2F01738600E6A243 /* Build configuration list for PBXNativeTarget "PiterGsmAppIOSTests" */;
			buildPhases = (
				2EDE3B722F01738600E6A243 /* Sources */,
				2EDE3B732F01738600E6A243 /* Frameworks */,
				2EDE3B742F01738600E6A243 /* Resources */,
			);
			buildRules = (
			);
			dependencies = (
				2EDE3B782F01738600E6A243 /* PBXTargetDependency */,
			);
			fileSystemSynchronizedGroups = (
				2EDE3B792F01738600E6A243 /* PiterGsmAppIOSTests */,
			);
			name = PiterGsmAppIOSTests;
			packageProductDependencies = (
			);
			productName = PiterGsmAppIOSTests;
			productReference = 2EDE3B762F01738600E6A243 /* PiterGsmAppIOSTests.xctest */;
			productType = "com.apple.product-type.bundle.unit-test";
		};
		2EDE3B7F2F01738600E6A243 /* PiterGsmAppIOSUITests */ = {
			isa = PBXNativeTarget;
			buildConfigurationList = 2EDE3B902F01738600E6A243 /* Build configuration list for PBXNativeTarget "PiterGsmAppIOSUITests" */;
			buildPhases = (
				2EDE3B7C2F01738600E6A243 /* Sources */,
				2EDE3B7D2F01738600E6A243 /* Frameworks */,
				2EDE3B7E2F01738600E6A243 /* Resources */,
			);
			buildRules = (
			);
			dependencies = (
				2EDE3B822F01738600E6A243 /* PBXTargetDependency */,
			);
			fileSystemSynchronizedGroups = (
				2EDE3B832F01738600E6A243 /* PiterGsmAppIOSUITests */,
			);
			name = PiterGsmAppIOSUITests;
			packageProductDependencies = (
			);
			productName = PiterGsmAppIOSUITests;
			productReference = 2EDE3B802F01738600E6A243 /* PiterGsmAppIOSUITests.xctest */;
			productType = "com.apple.product-type.bundle.ui-testing";
		};
/* End PBXNativeTarget section */

/* Begin PBXProject section */
		2EDE3B612F01738400E6A243 /* Project object */ = {
			isa = PBXProject;
			attributes = {
				BuildIndependentTargetsInParallel = 1;
				LastSwiftUpdateCheck = 2610;
				LastUpgradeCheck = 2610;
				TargetAttributes = {
					2EDE3B682F01738400E6A243 = {
						CreatedOnToolsVersion = 26.1.1;
					};
					2EDE3B752F01738600E6A243 = {
						CreatedOnToolsVersion = 26.1.1;
						TestTargetID = 2EDE3B682F01738400E6A243;
					};
					2EDE3B7F2F01738600E6A243 = {
						CreatedOnToolsVersion = 26.1.1;
						TestTargetID = 2EDE3B682F01738400E6A243;
					};
				};
			};
			buildConfigurationList = 2EDE3B642F01738400E6A243 /* Build configuration list for PBXProject "PiterGsmAppIOS" */;
			developmentRegion = en;
			hasScannedForEncodings = 0;
			knownRegions = (
				en,
				Base,
			);
			mainGroup = 2EDE3B602F01738400E6A243;
			minimizedProjectReferenceProxies = 1;
			preferredProjectObjectVersion = 77;
			productRefGroup = 2EDE3B6A2F01738400E6A243 /* Products */;
			projectDirPath = "";
			projectRoot = "";
			targets = (
				2EDE3B682F01738400E6A243 /* PiterGsmAppIOS */,
				2EDE3B752F01738600E6A243 /* PiterGsmAppIOSTests */,
				2EDE3B7F2F01738600E6A243 /* PiterGsmAppIOSUITests */,
			);
		};
/* End PBXProject section */

/* Begin PBXResourcesBuildPhase section */
		2EDE3B672F01738400E6A243 /* Resources */ = {
			isa = PBXResourcesBuildPhase;
			buildActionMask = 2147483647;
			files = (
			);
			runOnlyForDeploymentPostprocessing = 0;
		};
		2EDE3B742F01738600E6A243 /* Resources */ = {
			isa = PBXResourcesBuildPhase;
			buildActionMask = 2147483647;
			files = (
			);
			runOnlyForDeploymentPostprocessing = 0;
		};
		2EDE3B7E2F01738600E6A243 /* Resources */ = {
			isa = PBXResourcesBuildPhase;
			buildActionMask = 2147483647;
			files = (
			);
			runOnlyForDeploymentPostprocessing = 0;
		};
/* End PBXResourcesBuildPhase section */

/* Begin PBXSourcesBuildPhase section */
		2EDE3B652F01738400E6A243 /* Sources */ = {
			isa = PBXSourcesBuildPhase;
			buildActionMask = 2147483647;
			files = (
			);
			runOnlyForDeploymentPostprocessing = 0;
		};
		2EDE3B722F01738600E6A243 /* Sources */ = {
			isa = PBXSourcesBuildPhase;
			buildActionMask = 2147483647;
			files = (
			);
			runOnlyForDeploymentPostprocessing = 0;
		};
		2EDE3B7C2F01738600E6A243 /* Sources */ = {
			isa = PBXSourcesBuildPhase;
			buildActionMask = 2147483647;
			files = (
			);
			runOnlyForDeploymentPostprocessing = 0;
		};
/* End PBXSourcesBuildPhase section */

/* Begin PBXTargetDependency section */
		2EDE3B782F01738600E6A243 /* PBXTargetDependency */ = {
			isa = PBXTargetDependency;
			target = 2EDE3B682F01738400E6A243 /* PiterGsmAppIOS */;
			targetProxy = 2EDE3B772F01738600E6A243 /* PBXContainerItemProxy */;
		};
		2EDE3B822F01738600E6A243 /* PBXTargetDependency */ = {
			isa = PBXTargetDependency;
			target = 2EDE3B682F01738400E6A243 /* PiterGsmAppIOS */;
			targetProxy = 2EDE3B812F01738600E6A243 /* PBXContainerItemProxy */;
		};
/* End PBXTargetDependency section */

/* Begin XCBuildConfiguration section */
		2EDE3B882F01738600E6A243 /* Debug */ = {
			isa = XCBuildConfiguration;
			buildSettings = {
				ALWAYS_SEARCH_USER_PATHS = NO;
				ASSETCATALOG_COMPILER_GENERATE_SWIFT_ASSET_SYMBOL_EXTENSIONS = YES;
				CLANG_ANALYZER_NONNULL = YES;
				CLANG_ANALYZER_NUMBER_OBJECT_CONVERSION = YES_AGGRESSIVE;
				CLANG_CXX_LANGUAGE_STANDARD = "gnu++20";
				CLANG_ENABLE_MODULES = YES;
				CLANG_ENABLE_OBJC_ARC = YES;
				CLANG_ENABLE_OBJC_WEAK = YES;
				CLANG_WARN_BLOCK_CAPTURE_AUTORELEASING = YES;
				CLANG_WARN_BOOL_CONVERSION = YES;
				CLANG_WARN_COMMA = YES;
				CLANG_WARN_CONSTANT_CONVERSION = YES;
				CLANG_WARN_DEPRECATED_OBJC_IMPLEMENTATIONS = YES;
				CLANG_WARN_DIRECT_OBJC_ISA_USAGE = YES_ERROR;
				CLANG_WARN_DOCUMENTATION_COMMENTS = YES;
				CLANG_WARN_EMPTY_BODY = YES;
				CLANG_WARN_ENUM_CONVERSION = YES;
				CLANG_WARN_INFINITE_RECURSION = YES;
				CLANG_WARN_INT_CONVERSION = YES;
				CLANG_WARN_NON_LITERAL_NULL_CONVERSION = YES;
				CLANG_WARN_OBJC_IMPLICIT_RETAIN_SELF = YES;
				CLANG_WARN_OBJC_LITERAL_CONVERSION = YES;
				CLANG_WARN_OBJC_ROOT_CLASS = YES_ERROR;
				CLANG_WARN_QUOTED_INCLUDE_IN_FRAMEWORK_HEADER = YES;
				CLANG_WARN_RANGE_LOOP_ANALYSIS = YES;
				CLANG_WARN_STRICT_PROTOTYPES = YES;
				CLANG_WARN_SUSPICIOUS_MOVE = YES;
				CLANG_WARN_UNGUARDED_AVAILABILITY = YES_AGGRESSIVE;
				CLANG_WARN_UNREACHABLE_CODE = YES;
				CLANG_WARN__DUPLICATE_METHOD_MATCH = YES;
				COPY_PHASE_STRIP = NO;
				DEBUG_INFORMATION_FORMAT = dwarf;
				ENABLE_STRICT_OBJC_MSGSEND = YES;
				ENABLE_TESTABILITY = YES;
				ENABLE_USER_SCRIPT_SANDBOXING = YES;
				GCC_C_LANGUAGE_STANDARD = gnu17;
				GCC_DYNAMIC_NO_PIC = NO;
				GCC_NO_COMMON_BLOCKS = YES;
				GCC_OPTIMIZATION_LEVEL = 0;
				GCC_PREPROCESSOR_DEFINITIONS = (
					"DEBUG=1",
					"$(inherited)",
				);
				GCC_WARN_64_TO_32_BIT_CONVERSION = YES;
				GCC_WARN_ABOUT_RETURN_TYPE = YES_ERROR;
				GCC_WARN_UNDECLARED_SELECTOR = YES;
				GCC_WARN_UNINITIALIZED_AUTOS = YES_AGGRESSIVE;
				GCC_WARN_UNUSED_FUNCTION = YES;
				GCC_WARN_UNUSED_VARIABLE = YES;
				IPHONEOS_DEPLOYMENT_TARGET = 26.1;
				LOCALIZATION_PREFERS_STRING_CATALOGS = YES;
				MTL_ENABLE_DEBUG_INFO = INCLUDE_SOURCE;
				MTL_FAST_MATH = YES;
				ONLY_ACTIVE_ARCH = YES;
				SDKROOT = iphoneos;
				SWIFT_ACTIVE_COMPILATION_CONDITIONS = "DEBUG $(inherited)";
				SWIFT_OPTIMIZATION_LEVEL = "-Onone";
			};
			name = Debug;
		};
		2EDE3B892F01738600E6A243 /* Release */ = {
			isa = XCBuildConfiguration;
			buildSettings = {
				ALWAYS_SEARCH_USER_PATHS = NO;
				ASSETCATALOG_COMPILER_GENERATE_SWIFT_ASSET_SYMBOL_EXTENSIONS = YES;
				CLANG_ANALYZER_NONNULL = YES;
				CLANG_ANALYZER_NUMBER_OBJECT_CONVERSION = YES_AGGRESSIVE;
				CLANG_CXX_LANGUAGE_STANDARD = "gnu++20";
				CLANG_ENABLE_MODULES = YES;
				CLANG_ENABLE_OBJC_ARC = YES;
				CLANG_ENABLE_OBJC_WEAK = YES;
				CLANG_WARN_BLOCK_CAPTURE_AUTORELEASING = YES;
				CLANG_WARN_BOOL_CONVERSION = YES;
				CLANG_WARN_COMMA = YES;
				CLANG_WARN_CONSTANT_CONVERSION = YES;
				CLANG_WARN_DEPRECATED_OBJC_IMPLEMENTATIONS = YES;
				CLANG_WARN_DIRECT_OBJC_ISA_USAGE = YES_ERROR;
				CLANG_WARN_DOCUMENTATION_COMMENTS = YES;
				CLANG_WARN_EMPTY_BODY = YES;
				CLANG_WARN_ENUM_CONVERSION = YES;
				CLANG_WARN_INFINITE_RECURSION = YES;
				CLANG_WARN_INT_CONVERSION = YES;
				CLANG_WARN_NON_LITERAL_NULL_CONVERSION = YES;
				CLANG_WARN_OBJC_IMPLICIT_RETAIN_SELF = YES;
				CLANG_WARN_OBJC_LITERAL_CONVERSION = YES;
				CLANG_WARN_OBJC_ROOT_CLASS = YES_ERROR;
				CLANG_WARN_QUOTED_INCLUDE_IN_FRAMEWORK_HEADER = YES;
				CLANG_WARN_RANGE_LOOP_ANALYSIS = YES;
				CLANG_WARN_STRICT_PROTOTYPES = YES;
				CLANG_WARN_SUSPICIOUS_MOVE = YES;
				CLANG_WARN_UNGUARDED_AVAILABILITY = YES_AGGRESSIVE;
				CLANG_WARN_UNREACHABLE_CODE = YES;
				CLANG_WARN__DUPLICATE_METHOD_MATCH = YES;
				COPY_PHASE_STRIP = NO;
				DEBUG_INFORMATION_FORMAT = "dwarf-with-dsym";
				ENABLE_NS_ASSERTIONS = NO;
				ENABLE_STRICT_OBJC_MSGSEND = YES;
				ENABLE_USER_SCRIPT_SANDBOXING = YES;
				GCC_C_LANGUAGE_STANDARD = gnu17;
				GCC_NO_COMMON_BLOCKS = YES;
				GCC_WARN_64_TO_32_BIT_CONVERSION = YES;
				GCC_WARN_ABOUT_RETURN_TYPE = YES_ERROR;
				GCC_WARN_UNDECLARED_SELECTOR = YES;
				GCC_WARN_UNINITIALIZED_AUTOS = YES_AGGRESSIVE;
				GCC_WARN_UNUSED_FUNCTION = YES;
				GCC_WARN_UNUSED_VARIABLE = YES;
				IPHONEOS_DEPLOYMENT_TARGET = 26.1;
				LOCALIZATION_PREFERS_STRING_CATALOGS = YES;
				MTL_ENABLE_DEBUG_INFO = NO;
				MTL_FAST_MATH = YES;
				SDKROOT = iphoneos;
				SWIFT_COMPILATION_MODE = wholemodule;
				VALIDATE_PRODUCT = YES;
			};
			name = Release;
		};
		2EDE3B8B2F01738600E6A243 /* Debug */ = {
			isa = XCBuildConfiguration;
			buildSettings = {
				ASSETCATALOG_COMPILER_APPICON_NAME = AppIcon;
				ASSETCATALOG_COMPILER_GLOBAL_ACCENT_COLOR_NAME = AccentColor;
				CODE_SIGN_STYLE = Automatic;
				CURRENT_PROJECT_VERSION = 1;
				ENABLE_PREVIEWS = YES;
				GENERATE_INFOPLIST_FILE = YES;
				INFOPLIST_KEY_UIApplicationSceneManifest_Generation = YES;
				INFOPLIST_KEY_UIApplicationSupportsIndirectInputEvents = YES;
				INFOPLIST_KEY_UILaunchScreen_Generation = YES;
				INFOPLIST_KEY_UISupportedInterfaceOrientations_iPad = "UIInterfaceOrientationPortrait UIInterfaceOrientationPortraitUpsideDown UIInterfaceOrientationLandscapeLeft UIInterfaceOrientationLandscapeRight";
				INFOPLIST_KEY_UISupportedInterfaceOrientations_iPhone = "UIInterfaceOrientationPortrait UIInterfaceOrientationLandscapeLeft UIInterfaceOrientationLandscapeRight";
				LD_RUNPATH_SEARCH_PATHS = (
					"$(inherited)",
					"@executable_path/Frameworks",
				);
				MARKETING_VERSION = 1.0;
				PRODUCT_BUNDLE_IDENTIFIER = com.esorrowk.PiterGsmAppIOS;
				PRODUCT_NAME = "$(TARGET_NAME)";
				STRING_CATALOG_GENERATE_SYMBOLS = YES;
				SWIFT_APPROACHABLE_CONCURRENCY = YES;
				SWIFT_DEFAULT_ACTOR_ISOLATION = MainActor;
				SWIFT_EMIT_LOC_STRINGS = YES;
				SWIFT_UPCOMING_FEATURE_MEMBER_IMPORT_VISIBILITY = YES;
				SWIFT_VERSION = 5.0;
				TARGETED_DEVICE_FAMILY = "1,2";
			};
			name = Debug;
		};
		2EDE3B8C2F01738600E6A243 /* Release */ = {
			isa = XCBuildConfiguration;
			buildSettings = {
				ASSETCATALOG_COMPILER_APPICON_NAME = AppIcon;
				ASSETCATALOG_COMPILER_GLOBAL_ACCENT_COLOR_NAME = AccentColor;
				CODE_SIGN_STYLE = Automatic;
				CURRENT_PROJECT_VERSION = 1;
				ENABLE_PREVIEWS = YES;
				GENERATE_INFOPLIST_FILE = YES;
				INFOPLIST_KEY_UIApplicationSceneManifest_Generation = YES;
				INFOPLIST_KEY_UIApplicationSupportsIndirectInputEvents = YES;
				INFOPLIST_KEY_UILaunchScreen_Generation = YES;
				INFOPLIST_KEY_UISupportedInterfaceOrientations_iPad = "UIInterfaceOrientationPortrait UIInterfaceOrientationPortraitUpsideDown UIInterfaceOrientationLandscapeLeft UIInterfaceOrientationLandscapeRight";
				INFOPLIST_KEY_UISupportedInterfaceOrientations_iPhone = "UIInterfaceOrientationPortrait UIInterfaceOrientationLandscapeLeft UIInterfaceOrientationLandscapeRight";
				LD_RUNPATH_SEARCH_PATHS = (
					"$(inherited)",
					"@executable_path/Frameworks",
				);
				MARKETING_VERSION = 1.0;
				PRODUCT_BUNDLE_IDENTIFIER = com.esorrowk.PiterGsmAppIOS;
				PRODUCT_NAME = "$(TARGET_NAME)";
				STRING_CATALOG_GENERATE_SYMBOLS = YES;
				SWIFT_APPROACHABLE_CONCURRENCY = YES;
				SWIFT_DEFAULT_ACTOR_ISOLATION = MainActor;
				SWIFT_EMIT_LOC_STRINGS = YES;
				SWIFT_UPCOMING_FEATURE_MEMBER_IMPORT_VISIBILITY = YES;
				SWIFT_VERSION = 5.0;
				TARGETED_DEVICE_FAMILY = "1,2";
			};
			name = Release;
		};
		2EDE3B8E2F01738600E6A243 /* Debug */ = {
			isa = XCBuildConfiguration;
			buildSettings = {
				BUNDLE_LOADER = "$(TEST_HOST)";
				CODE_SIGN_STYLE = Automatic;
				CURRENT_PROJECT_VERSION = 1;
				GENERATE_INFOPLIST_FILE = YES;
				IPHONEOS_DEPLOYMENT_TARGET = 26.1;
				MARKETING_VERSION = 1.0;
				PRODUCT_BUNDLE_IDENTIFIER = com.esorrowk.PiterGsmAppIOSTests;
				PRODUCT_NAME = "$(TARGET_NAME)";
				STRING_CATALOG_GENERATE_SYMBOLS = NO;
				SWIFT_APPROACHABLE_CONCURRENCY = YES;
				SWIFT_EMIT_LOC_STRINGS = NO;
				SWIFT_UPCOMING_FEATURE_MEMBER_IMPORT_VISIBILITY = YES;
				SWIFT_VERSION = 5.0;
				TARGETED_DEVICE_FAMILY = "1,2";
				TEST_HOST = "$(BUILT_PRODUCTS_DIR)/PiterGsmAppIOS.app/$(BUNDLE_EXECUTABLE_FOLDER_PATH)/PiterGsmAppIOS";
			};
			name = Debug;
		};
		2EDE3B8F2F01738600E6A243 /* Release */ = {
			isa = XCBuildConfiguration;
			buildSettings = {
				BUNDLE_LOADER = "$(TEST_HOST)";
				CODE_SIGN_STYLE = Automatic;
				CURRENT_PROJECT_VERSION = 1;
				GENERATE_INFOPLIST_FILE = YES;
				IPHONEOS_DEPLOYMENT_TARGET = 26.1;
				MARKETING_VERSION = 1.0;
				PRODUCT_BUNDLE_IDENTIFIER = com.esorrowk.PiterGsmAppIOSTests;
				PRODUCT_NAME = "$(TARGET_NAME)";
				STRING_CATALOG_GENERATE_SYMBOLS = NO;
				SWIFT_APPROACHABLE_CONCURRENCY = YES;
				SWIFT_EMIT_LOC_STRINGS = NO;
				SWIFT_UPCOMING_FEATURE_MEMBER_IMPORT_VISIBILITY = YES;
				SWIFT_VERSION = 5.0;
				TARGETED_DEVICE_FAMILY = "1,2";
				TEST_HOST = "$(BUILT_PRODUCTS_DIR)/PiterGsmAppIOS.app/$(BUNDLE_EXECUTABLE_FOLDER_PATH)/PiterGsmAppIOS";
			};
			name = Release;
		};
		2EDE3B912F01738600E6A243 /* Debug */ = {
			isa = XCBuildConfiguration;
			buildSettings = {
				CODE_SIGN_STYLE = Automatic;
				CURRENT_PROJECT_VERSION = 1;
				GENERATE_INFOPLIST_FILE = YES;
				MARKETING_VERSION = 1.0;
				PRODUCT_BUNDLE_IDENTIFIER = com.esorrowk.PiterGsmAppIOSUITests;
				PRODUCT_NAME = "$(TARGET_NAME)";
				STRING_CATALOG_GENERATE_SYMBOLS = NO;
				SWIFT_APPROACHABLE_CONCURRENCY = YES;
				SWIFT_EMIT_LOC_STRINGS = NO;
				SWIFT_UPCOMING_FEATURE_MEMBER_IMPORT_VISIBILITY = YES;
				SWIFT_VERSION = 5.0;
				TARGETED_DEVICE_FAMILY = "1,2";
				TEST_TARGET_NAME = PiterGsmAppIOS;
			};
			name = Debug;
		};
		2EDE3B922F01738600E6A243 /* Release */ = {
			isa = XCBuildConfiguration;
			buildSettings = {
				CODE_SIGN_STYLE = Automatic;
				CURRENT_PROJECT_VERSION = 1;
				GENERATE_INFOPLIST_FILE = YES;
				MARKETING_VERSION = 1.0;
				PRODUCT_BUNDLE_IDENTIFIER = com.esorrowk.PiterGsmAppIOSUITests;
				PRODUCT_NAME = "$(TARGET_NAME)";
				STRING_CATALOG_GENERATE_SYMBOLS = NO;
				SWIFT_APPROACHABLE_CONCURRENCY = YES;
				SWIFT_EMIT_LOC_STRINGS = NO;
				SWIFT_UPCOMING_FEATURE_MEMBER_IMPORT_VISIBILITY = YES;
				SWIFT_VERSION = 5.0;
				TARGETED_DEVICE_FAMILY = "1,2";
				TEST_TARGET_NAME = PiterGsmAppIOS;
			};
			name = Release;
		};
/* End XCBuildConfiguration section */

/* Begin XCConfigurationList section */
		2EDE3B642F01738400E6A243 /* Build configuration list for PBXProject "PiterGsmAppIOS" */ = {
			isa = XCConfigurationList;
			buildConfigurations = (
				2EDE3B882F01738600E6A243 /* Debug */,
				2EDE3B892F01738600E6A243 /* Release */,
			);
			defaultConfigurationIsVisible = 0;
			defaultConfigurationName = Release;
		};
		2EDE3B8A2F01738600E6A243 /* Build configuration list for PBXNativeTarget "PiterGsmAppIOS" */ = {
			isa = XCConfigurationList;
			buildConfigurations = (
				2EDE3B8B2F01738600E6A243 /* Debug */,
				2EDE3B8C2F01738600E6A243 /* Release */,
			);
			defaultConfigurationIsVisible = 0;
			defaultConfigurationName = Release;
		};
		2EDE3B8D2F01738600E6A243 /* Build configuration list for PBXNativeTarget "PiterGsmAppIOSTests" */ = {
			isa = XCConfigurationList;
			buildConfigurations = (
				2EDE3B8E2F01738600E6A243 /* Debug */,
				2EDE3B8F2F01738600E6A243 /* Release */,
			);
			defaultConfigurationIsVisible = 0;
			defaultConfigurationName = Release;
		};
		2EDE3B902F01738600E6A243 /* Build configuration list for PBXNativeTarget "PiterGsmAppIOSUITests" */ = {
			isa = XCConfigurationList;
			buildConfigurations = (
				2EDE3B912F01738600E6A243 /* Debug */,
				2EDE3B922F01738600E6A243 /* Release */,
			);
			defaultConfigurationIsVisible = 0;
			defaultConfigurationName = Release;
		};
/* End XCConfigurationList section */
	};
	rootObject = 2EDE3B612F01738400E6A243 /* Project object */;
}
